
Microsoft Visual Studio Solution File, Format Version 12.00
# Visual Studio Version 17
VisualStudioVersion = 17.11.35327.3
MinimumVisualStudioVersion = 10.0.40219.1
Project("{FAE04EC0-301F-11D3-BF4B-00C04F79EFBC}") = "OrganizadorEstudiantil", "OrganizadorEstudiantil\OrganizadorEstudiantil.csproj", "{66AC6623-2A03-486E-A603-7EB17D8D6EAD}"
EndProject
Global
	GlobalSection(SolutionConfigurationPlatforms) = preSolution
		Debug|Any CPU = Debug|Any CPU
		Release|Any CPU = Release|Any CPU
	EndGlobalSection
	GlobalSection(ProjectConfigurationPlatforms) = postSolution
		{66AC6623-2A03-486E-A603-7EB17D8D6EAD}.Debug|Any CPU.ActiveCfg = Debug|Any CPU
		{66AC6623-2A03-486E-A603-7EB17D8D6EAD}.Debug|Any CPU.Build.0 = Debug|Any CPU
		{66AC6623-2A03-486E-A603-7EB17D8D6EAD}.Release|Any CPU.ActiveCfg = Release|Any CPU
		{66AC6623-2A03-486E-A603-7EB17D8D6EAD}.Release|Any CPU.Build.0 = Release|Any CPU
	EndGlobalSection
	GlobalSection(SolutionProperties) = preSolution
		HideSolutionNode = FALSE
	EndGlobalSection
	GlobalSection(ExtensibilityGlobals) = postSolution
		SolutionGuid = {C95AEEA0-2575-43BF-8EFB-4DAF98A38199}
	EndGlobalSection
EndGlobal
